// !$*UTF8*$!
{
	archiveVersion = 1;
	classes = {
	};
	objectVersion = 56;
	objects = {

/* Begin PBXBuildFile section */
		469C397A29332615002A0C95 /* WeatherDemoApp.swift in Sources */ = {isa = PBXBuildFile; fileRef = 469C397929332615002A0C95 /* WeatherDemoApp.swift */; };
		469C397C29332615002A0C95 /* ContentView.swift in Sources */ = {isa = PBXBuildFile; fileRef = 469C397B29332615002A0C95 /* ContentView.swift */; };
		469C397E29332619002A0C95 /* Assets.xcassets in Resources */ = {isa = PBXBuildFile; fileRef = 469C397D29332619002A0C95 /* Assets.xcassets */; };
		469C398129332619002A0C95 /* Preview Assets.xcassets in Resources */ = {isa = PBXBuildFile; fileRef = 469C398029332619002A0C95 /* Preview Assets.xcassets */; };
		469C398929332727002A0C95 /* LocationManager.swift in Sources */ = {isa = PBXBuildFile; fileRef = 469C398829332727002A0C95 /* LocationManager.swift */; };
		469C398C29332E24002A0C95 /* WellcomeView.swift in Sources */ = {isa = PBXBuildFile; fileRef = 469C398B29332E24002A0C95 /* WellcomeView.swift */; };
		469C398E293336BA002A0C95 /* LoadingView.swift in Sources */ = {isa = PBXBuildFile; fileRef = 469C398D293336BA002A0C95 /* LoadingView.swift */; };
		469C39902933394A002A0C95 /* WeatherManager.swift in Sources */ = {isa = PBXBuildFile; fileRef = 469C398F2933394A002A0C95 /* WeatherManager.swift */; };
		469C39942933BB05002A0C95 /* WeatherView.swift in Sources */ = {isa = PBXBuildFile; fileRef = 469C39932933BB05002A0C95 /* WeatherView.swift */; };
		469C39962933BC26002A0C95 /* ModelData.swift in Sources */ = {isa = PBXBuildFile; fileRef = 469C39952933BC26002A0C95 /* ModelData.swift */; };
		469C399A2933C010002A0C95 /* Extension.swift in Sources */ = {isa = PBXBuildFile; fileRef = 469C39992933C010002A0C95 /* Extension.swift */; };
		46FCD7D92933CF3200077200 /* weatherData.json in Resources */ = {isa = PBXBuildFile; fileRef = 46FCD7D82933CF3200077200 /* weatherData.json */; };
		46FCD7DC2933E03700077200 /* WeatherRow.swift in Sources */ = {isa = PBXBuildFile; fileRef = 46FCD7DB2933E03700077200 /* WeatherRow.swift */; };
/* End PBXBuildFile section */

/* Begin PBXFileReference section */
		469C397629332615002A0C95 /* WeatherDemo.app */ = {isa = PBXFileReference; explicitFileType = wrapper.application; includeInIndex = 0; path = WeatherDemo.app; sourceTree = BUILT_PRODUCTS_DIR; };
		469C397929332615002A0C95 /* WeatherDemoApp.swift */ = {isa = PBXFileReference; lastKnownFileType = sourcecode.swift; path = WeatherDemoApp.swift; sourceTree = "<group>"; };
		469C397B29332615002A0C95 /* ContentView.swift */ = {isa = PBXFileReference; lastKnownFileType = sourcecode.swift; path = ContentView.swift; sourceTree = "<group>"; };
		469C397D29332619002A0C95 /* Assets.xcassets */ = {isa = PBXFileReference; lastKnownFileType = folder.assetcatalog; path = Assets.xcassets; sourceTree = "<group>"; };
		469C398029332619002A0C95 /* Preview Assets.xcassets */ = {isa = PBXFileReference; lastKnownFileType = folder.assetcatalog; path = "Preview Assets.xcassets"; sourceTree = "<group>"; };
		469C398829332727002A0C95 /* LocationManager.swift */ = {isa = PBXFileReference; lastKnownFileType = sourcecode.swift; path = LocationManager.swift; sourceTree = "<group>"; };
		469C398B29332E24002A0C95 /* WellcomeView.swift */ = {isa = PBXFileReference; lastKnownFileType = sourcecode.swift; path = WellcomeView.swift; sourceTree = "<group>"; };
		469C398D293336BA002A0C95 /* LoadingView.swift */ = {isa = PBXFileReference; lastKnownFileType = sourcecode.swift; path = LoadingView.swift; sourceTree = "<group>"; };
		469C398F2933394A002A0C95 /* WeatherManager.swift */ = {isa = PBXFileReference; lastKnownFileType = sourcecode.swift; path = WeatherManager.swift; sourceTree = "<group>"; };
		469C39932933BB05002A0C95 /* WeatherView.swift */ = {isa = PBXFileReference; lastKnownFileType = sourcecode.swift; path = WeatherView.swift; sourceTree = "<group>"; };
		469C39952933BC26002A0C95 /* ModelData.swift */ = {isa = PBXFileReference; lastKnownFileType = sourcecode.swift; path = ModelData.swift; sourceTree = "<group>"; };
		469C39992933C010002A0C95 /* Extension.swift */ = {isa = PBXFileReference; lastKnownFileType = sourcecode.swift; path = Extension.swift; sourceTree = "<group>"; };
		46FCD7D82933CF3200077200 /* weatherData.json */ = {isa = PBXFileReference; fileEncoding = 4; lastKnownFileType = text.json; path = weatherData.json; sourceTree = "<group>"; };
		46FCD7DB2933E03700077200 /* WeatherRow.swift */ = {isa = PBXFileReference; lastKnownFileType = sourcecode.swift; path = WeatherRow.swift; sourceTree = "<group>"; };
/* End PBXFileReference section */

/* Begin PBXFrameworksBuildPhase section */
		469C397329332615002A0C95 /* Frameworks */ = {
			isa = PBXFrameworksBuildPhase;
			buildActionMask = 2147483647;
			files = (
			);
			runOnlyForDeploymentPostprocessing = 0;
		};
/* End PBXFrameworksBuildPhase section */

/* Begin PBXGroup section */
		469C396D29332615002A0C95 = {
			isa = PBXGroup;
			children = (
				469C397829332615002A0C95 /* WeatherDemo */,
				469C397729332615002A0C95 /* Products */,
			);
			sourceTree = "<group>";
		};
		469C397729332615002A0C95 /* Products */ = {
			isa = PBXGroup;
			children = (
				469C397629332615002A0C95 /* WeatherDemo.app */,
			);
			name = Products;
			sourceTree = "<group>";
		};
		469C397829332615002A0C95 /* WeatherDemo */ = {
			isa = PBXGroup;
			children = (
				46FCD7DA2933E01D00077200 /* Components */,
				469C398A29332DA7002A0C95 /* Views */,
				469C398729332712002A0C95 /* Managers */,
				469C397929332615002A0C95 /* WeatherDemoApp.swift */,
				469C397D29332619002A0C95 /* Assets.xcassets */,
				469C397F29332619002A0C95 /* Preview Content */,
				469C39992933C010002A0C95 /* Extension.swift */,
			);
			path = WeatherDemo;
			sourceTree = "<group>";
		};
		469C397F29332619002A0C95 /* Preview Content */ = {
			isa = PBXGroup;
			children = (
				46FCD7D82933CF3200077200 /* weatherData.json */,
				469C398029332619002A0C95 /* Preview Assets.xcassets */,
				469C39952933BC26002A0C95 /* ModelData.swift */,
			);
			path = "Preview Content";
			sourceTree = "<group>";
		};
		469C398729332712002A0C95 /* Managers */ = {
			isa = PBXGroup;
			children = (
				469C398829332727002A0C95 /* LocationManager.swift */,
				469C398F2933394A002A0C95 /* WeatherManager.swift */,
			);
			path = Managers;
			sourceTree = "<group>";
		};
		469C398A29332DA7002A0C95 /* Views */ = {
			isa = PBXGroup;
			children = (
				469C397B29332615002A0C95 /* ContentView.swift */,
				469C398B29332E24002A0C95 /* WellcomeView.swift */,
				469C398D293336BA002A0C95 /* LoadingView.swift */,
				469C39932933BB05002A0C95 /* WeatherView.swift */,
			);
			path = Views;
			sourceTree = "<group>";
		};
		46FCD7DA2933E01D00077200 /* Components */ = {
			isa = PBXGroup;
			children = (
				46FCD7DB2933E03700077200 /* WeatherRow.swift */,
			);
			path = Components;
			sourceTree = "<group>";
		};
/* End PBXGroup section */

/* Begin PBXNativeTarget section */
		469C397529332615002A0C95 /* WeatherDemo */ = {
			isa = PBXNativeTarget;
			buildConfigurationList = 469C398429332619002A0C95 /* Build configuration list for PBXNativeTarget "WeatherDemo" */;
			buildPhases = (
				469C397229332615002A0C95 /* Sources */,
				469C397329332615002A0C95 /* Frameworks */,
				469C397429332615002A0C95 /* Resources */,
			);
			buildRules = (
			);
			dependencies = (
			);
			name = WeatherDemo;
			productName = WeatherDemo;
			productReference = 469C397629332615002A0C95 /* WeatherDemo.app */;
			productType = "com.apple.product-type.application";
		};
/* End PBXNativeTarget section */

/* Begin PBXProject section */
		469C396E29332615002A0C95 /* Project object */ = {
			isa = PBXProject;
			attributes = {
				BuildIndependentTargetsInParallel = 1;
				LastSwiftUpdateCheck = 1400;
				LastUpgradeCheck = 1400;
				TargetAttributes = {
					469C397529332615002A0C95 = {
						CreatedOnToolsVersion = 14.0.1;
					};
				};
			};
			buildConfigurationList = 469C397129332615002A0C95 /* Build configuration list for PBXProject "WeatherDemo" */;
			compatibilityVersion = "Xcode 14.0";
			developmentRegion = en;
			hasScannedForEncodings = 0;
			knownRegions = (
				en,
				Base,
			);
			mainGroup = 469C396D29332615002A0C95;
			productRefGroup = 469C397729332615002A0C95 /* Products */;
			projectDirPath = "";
			projectRoot = "";
			targets = (
				469C397529332615002A0C95 /* WeatherDemo */,
			);
		};
/* End PBXProject section */

/* Begin PBXResourcesBuildPhase section */
		469C397429332615002A0C95 /* Resources */ = {
			isa = PBXResourcesBuildPhase;
			buildActionMask = 2147483647;
			files = (
				469C398129332619002A0C95 /* Preview Assets.xcassets in Resources */,
				46FCD7D92933CF3200077200 /* weatherData.json in Resources */,
				469C397E29332619002A0C95 /* Assets.xcassets in Resources */,
			);
			runOnlyForDeploymentPostprocessing = 0;
		};
/* End PBXResourcesBuildPhase section */

/* Begin PBXSourcesBuildPhase section */
		469C397229332615002A0C95 /* Sources */ = {
			isa = PBXSourcesBuildPhase;
			buildActionMask = 2147483647;
			files = (
				469C399A2933C010002A0C95 /* Extension.swift in Sources */,
				469C39902933394A002A0C95 /* WeatherManager.swift in Sources */,
				469C398C29332E24002A0C95 /* WellcomeView.swift in Sources */,
				469C397C29332615002A0C95 /* ContentView.swift in Sources */,
				469C397A29332615002A0C95 /* WeatherDemoApp.swift in Sources */,
				46FCD7DC2933E03700077200 /* WeatherRow.swift in Sources */,
				469C398E293336BA002A0C95 /* LoadingView.swift in Sources */,
				469C39962933BC26002A0C95 /* ModelData.swift in Sources */,
				469C39942933BB05002A0C95 /* WeatherView.swift in Sources */,
				469C398929332727002A0C95 /* LocationManager.swift in Sources */,
			);
			runOnlyForDeploymentPostprocessing = 0;
		};
/* End PBXSourcesBuildPhase section */

/* Begin XCBuildConfiguration section */
		469C398229332619002A0C95 /* Debug */ = {
			isa = XCBuildConfiguration;
			buildSettings = {
				ALWAYS_SEARCH_USER_PATHS = NO;
				CLANG_ANALYZER_NONNULL = YES;
				CLANG_ANALYZER_NUMBER_OBJECT_CONVERSION = YES_AGGRESSIVE;
				CLANG_CXX_LANGUAGE_STANDARD = "gnu++20";
				CLANG_ENABLE_MODULES = YES;
				CLANG_ENABLE_OBJC_ARC = YES;
				CLANG_ENABLE_OBJC_WEAK = YES;
				CLANG_WARN_BLOCK_CAPTURE_AUTORELEASING = YES;
				CLANG_WARN_BOOL_CONVERSION = YES;
				CLANG_WARN_COMMA = YES;
				CLANG_WARN_CONSTANT_CONVERSION = YES;
				CLANG_WARN_DEPRECATED_OBJC_IMPLEMENTATIONS = YES;
				CLANG_WARN_DIRECT_OBJC_ISA_USAGE = YES_ERROR;
				CLANG_WARN_DOCUMENTATION_COMMENTS = YES;
				CLANG_WARN_EMPTY_BODY = YES;
				CLANG_WARN_ENUM_CONVERSION = YES;
				CLANG_WARN_INFINITE_RECURSION = YES;
				CLANG_WARN_INT_CONVERSION = YES;
				CLANG_WARN_NON_LITERAL_NULL_CONVERSION = YES;
				CLANG_WARN_OBJC_IMPLICIT_RETAIN_SELF = YES;
				CLANG_WARN_OBJC_LITERAL_CONVERSION = YES;
				CLANG_WARN_OBJC_ROOT_CLASS = YES_ERROR;
				CLANG_WARN_QUOTED_INCLUDE_IN_FRAMEWORK_HEADER = YES;
				CLANG_WARN_RANGE_LOOP_ANALYSIS = YES;
				CLANG_WARN_STRICT_PROTOTYPES = YES;
				CLANG_WARN_SUSPICIOUS_MOVE = YES;
				CLANG_WARN_UNGUARDED_AVAILABILITY = YES_AGGRESSIVE;
				CLANG_WARN_UNREACHABLE_CODE = YES;
				CLANG_WARN__DUPLICATE_METHOD_MATCH = YES;
				COPY_PHASE_STRIP = NO;
				DEBUG_INFORMATION_FORMAT = dwarf;
				ENABLE_STRICT_OBJC_MSGSEND = YES;
				ENABLE_TESTABILITY = YES;
				GCC_C_LANGUAGE_STANDARD = gnu11;
				GCC_DYNAMIC_NO_PIC = NO;
				GCC_NO_COMMON_BLOCKS = YES;
				GCC_OPTIMIZATION_LEVEL = 0;
				GCC_PREPROCESSOR_DEFINITIONS = (
					"DEBUG=1",
					"$(inherited)",
				);
				GCC_WARN_64_TO_32_BIT_CONVERSION = YES;
				GCC_WARN_ABOUT_RETURN_TYPE = YES_ERROR;
				GCC_WARN_UNDECLARED_SELECTOR = YES;
				GCC_WARN_UNINITIALIZED_AUTOS = YES_AGGRESSIVE;
				GCC_WARN_UNUSED_FUNCTION = YES;
				GCC_WARN_UNUSED_VARIABLE = YES;
				IPHONEOS_DEPLOYMENT_TARGET = 16.0;
				MTL_ENABLE_DEBUG_INFO = INCLUDE_SOURCE;
				MTL_FAST_MATH = YES;
				ONLY_ACTIVE_ARCH = YES;
				SDKROOT = iphoneos;
				SWIFT_ACTIVE_COMPILATION_CONDITIONS = DEBUG;
				SWIFT_OPTIMIZATION_LEVEL = "-Onone";
			};
			name = Debug;
		};
		469C398329332619002A0C95 /* Release */ = {
			isa = XCBuildConfiguration;
			buildSettings = {
				ALWAYS_SEARCH_USER_PATHS = NO;
				CLANG_ANALYZER_NONNULL = YES;
				CLANG_ANALYZER_NUMBER_OBJECT_CONVERSION = YES_AGGRESSIVE;
				CLANG_CXX_LANGUAGE_STANDARD = "gnu++20";
				CLANG_ENABLE_MODULES = YES;
				CLANG_ENABLE_OBJC_ARC = YES;
				CLANG_ENABLE_OBJC_WEAK = YES;
				CLANG_WARN_BLOCK_CAPTURE_AUTORELEASING = YES;
				CLANG_WARN_BOOL_CONVERSION = YES;
				CLANG_WARN_COMMA = YES;
				CLANG_WARN_CONSTANT_CONVERSION = YES;
				CLANG_WARN_DEPRECATED_OBJC_IMPLEMENTATIONS = YES;
				CLANG_WARN_DIRECT_OBJC_ISA_USAGE = YES_ERROR;
				CLANG_WARN_DOCUMENTATION_COMMENTS = YES;
				CLANG_WARN_EMPTY_BODY = YES;
				CLANG_WARN_ENUM_CONVERSION = YES;
				CLANG_WARN_INFINITE_RECURSION = YES;
				CLANG_WARN_INT_CONVERSION = YES;
				CLANG_WARN_NON_LITERAL_NULL_CONVERSION = YES;
				CLANG_WARN_OBJC_IMPLICIT_RETAIN_SELF = YES;
				CLANG_WARN_OBJC_LITERAL_CONVERSION = YES;
				CLANG_WARN_OBJC_ROOT_CLASS = YES_ERROR;
				CLANG_WARN_QUOTED_INCLUDE_IN_FRAMEWORK_HEADER = YES;
				CLANG_WARN_RANGE_LOOP_ANALYSIS = YES;
				CLANG_WARN_STRICT_PROTOTYPES = YES;
				CLANG_WARN_SUSPICIOUS_MOVE = YES;
				CLANG_WARN_UNGUARDED_AVAILABILITY = YES_AGGRESSIVE;
				CLANG_WARN_UNREACHABLE_CODE = YES;
				CLANG_WARN__DUPLICATE_METHOD_MATCH = YES;
				COPY_PHASE_STRIP = NO;
				DEBUG_INFORMATION_FORMAT = "dwarf-with-dsym";
				ENABLE_NS_ASSERTIONS = NO;
				ENABLE_STRICT_OBJC_MSGSEND = YES;
				GCC_C_LANGUAGE_STANDARD = gnu11;
				GCC_NO_COMMON_BLOCKS = YES;
				GCC_WARN_64_TO_32_BIT_CONVERSION = YES;
				GCC_WARN_ABOUT_RETURN_TYPE = YES_ERROR;
				GCC_WARN_UNDECLARED_SELECTOR = YES;
				GCC_WARN_UNINITIALIZED_AUTOS = YES_AGGRESSIVE;
				GCC_WARN_UNUSED_FUNCTION = YES;
				GCC_WARN_UNUSED_VARIABLE = YES;
				IPHONEOS_DEPLOYMENT_TARGET = 16.0;
				MTL_ENABLE_DEBUG_INFO = NO;
				MTL_FAST_MATH = YES;
				SDKROOT = iphoneos;
				SWIFT_COMPILATION_MODE = wholemodule;
				SWIFT_OPTIMIZATION_LEVEL = "-O";
				VALIDATE_PRODUCT = YES;
			};
			name = Release;
		};
		469C398529332619002A0C95 /* Debug */ = {
			isa = XCBuildConfiguration;
			buildSettings = {
				ASSETCATALOG_COMPILER_APPICON_NAME = AppIcon;
				ASSETCATALOG_COMPILER_GLOBAL_ACCENT_COLOR_NAME = AccentColor;
				CODE_SIGN_STYLE = Automatic;
				CURRENT_PROJECT_VERSION = 1;
				DEVELOPMENT_ASSET_PATHS = "\"WeatherDemo/Preview Content\"";
				DEVELOPMENT_TEAM = P6FCYRT7JM;
				ENABLE_PREVIEWS = YES;
				GENERATE_INFOPLIST_FILE = YES;
				INFOPLIST_KEY_UIApplicationSceneManifest_Generation = YES;
				INFOPLIST_KEY_UIApplicationSupportsIndirectInputEvents = YES;
				INFOPLIST_KEY_UILaunchScreen_Generation = YES;
				INFOPLIST_KEY_UISupportedInterfaceOrientations_iPad = "UIInterfaceOrientationPortrait UIInterfaceOrientationPortraitUpsideDown UIInterfaceOrientationLandscapeLeft UIInterfaceOrientationLandscapeRight";
				INFOPLIST_KEY_UISupportedInterfaceOrientations_iPhone = "UIInterfaceOrientationPortrait UIInterfaceOrientationLandscapeLeft UIInterfaceOrientationLandscapeRight";
				IPHONEOS_DEPLOYMENT_TARGET = 15.0;
				LD_RUNPATH_SEARCH_PATHS = (
					"$(inherited)",
					"@executable_path/Frameworks",
				);
				MARKETING_VERSION = 1.0;
				PRODUCT_BUNDLE_IDENTIFIER = com.rapser.WeatherDemo;
				PRODUCT_NAME = "$(TARGET_NAME)";
				SWIFT_EMIT_LOC_STRINGS = YES;
				SWIFT_VERSION = 5.0;
				TARGETED_DEVICE_FAMILY = "1,2";
			};
			name = Debug;
		};
		469C398629332619002A0C95 /* Release */ = {
			isa = XCBuildConfiguration;
			buildSettings = {
				ASSETCATALOG_COMPILER_APPICON_NAME = AppIcon;
				ASSETCATALOG_COMPILER_GLOBAL_ACCENT_COLOR_NAME = AccentColor;
				CODE_SIGN_STYLE = Automatic;
				CURRENT_PROJECT_VERSION = 1;
				DEVELOPMENT_ASSET_PATHS = "\"WeatherDemo/Preview Content\"";
				DEVELOPMENT_TEAM = P6FCYRT7JM;
				ENABLE_PREVIEWS = YES;
				GENERATE_INFOPLIST_FILE = YES;
				INFOPLIST_KEY_UIApplicationSceneManifest_Generation = YES;
				INFOPLIST_KEY_UIApplicationSupportsIndirectInputEvents = YES;
				INFOPLIST_KEY_UILaunchScreen_Generation = YES;
				INFOPLIST_KEY_UISupportedInterfaceOrientations_iPad = "UIInterfaceOrientationPortrait UIInterfaceOrientationPortraitUpsideDown UIInterfaceOrientationLandscapeLeft UIInterfaceOrientationLandscapeRight";
				INFOPLIST_KEY_UISupportedInterfaceOrientations_iPhone = "UIInterfaceOrientationPortrait UIInterfaceOrientationLandscapeLeft UIInterfaceOrientationLandscapeRight";
				IPHONEOS_DEPLOYMENT_TARGET = 15.0;
				LD_RUNPATH_SEARCH_PATHS = (
					"$(inherited)",
					"@executable_path/Frameworks",
				);
				MARKETING_VERSION = 1.0;
				PRODUCT_BUNDLE_IDENTIFIER = com.rapser.WeatherDemo;
				PRODUCT_NAME = "$(TARGET_NAME)";
				SWIFT_EMIT_LOC_STRINGS = YES;
				SWIFT_VERSION = 5.0;
				TARGETED_DEVICE_FAMILY = "1,2";
			};
			name = Release;
		};
/* End XCBuildConfiguration section */

/* Begin XCConfigurationList section */
		469C397129332615002A0C95 /* Build configuration list for PBXProject "WeatherDemo" */ = {
			isa = XCConfigurationList;
			buildConfigurations = (
				469C398229332619002A0C95 /* Debug */,
				469C398329332619002A0C95 /* Release */,
			);
			defaultConfigurationIsVisible = 0;
			defaultConfigurationName = Release;
		};
		469C398429332619002A0C95 /* Build configuration list for PBXNativeTarget "WeatherDemo" */ = {
			isa = XCConfigurationList;
			buildConfigurations = (
				469C398529332619002A0C95 /* Debug */,
				469C398629332619002A0C95 /* Release */,
			);
			defaultConfigurationIsVisible = 0;
			defaultConfigurationName = Release;
		};
/* End XCConfigurationList section */
	};
	rootObject = 469C396E29332615002A0C95 /* Project object */;
}
